{
    "_meta": {
        "hash": {
            "sha256": "d95cf22b5c5f80fa7385c64325d8bf757cd28ed0507ee106e610d308af0f251e"
        },
        "pipfile-spec": 6,
        "requires": {
            "python_version": "3.14"
        },
        "sources": [
            {
                "name": "pypi",
                "url": "https://pypi.org/simple",
                "verify_ssl": true
            }
        ]
    },
    "default": {
        "yt-dlp": {
            "hashes": [
                "sha256:442ba4c75724b9496144c8434b617962ee08d0ee7c26ec663848fe9b78d5a3e4",
                "sha256:d50fcb95f48d61bedde33e408c1881d4c279e51c31354a599ce09e96ba0f4b86"
            ],
            "index": "pypi",
            "markers": "python_version >= '3.10'",
            "version": "==2026.6.9"
        }
    },
    "develop": {}
}
